
Microsoft Visual Studio Solution File, Format Version 12.00
# Visual Studio Version 17
VisualStudioVersion = 17.4.33205.214
MinimumVisualStudioVersion = 10.0.40219.1
Project("{FAE04EC0-301F-11D3-BF4B-00C04F79EFBC}") = "ReasonWebApi", "ReasonWebApi\ReasonWebApi.csproj", "{7E9D39F7-81DF-4BDC-9757-F71C565C2AE8}"
EndProject
Global
	GlobalSection(SolutionConfigurationPlatforms) = preSolution
		Debug|Any CPU = Debug|Any CPU
		Release|Any CPU = Release|Any CPU
	EndGlobalSection
	GlobalSection(ProjectConfigurationPlatforms) = postSolution
		{7E9D39F7-81DF-4BDC-9757-F71C565C2AE8}.Debug|Any CPU.ActiveCfg = Debug|Any CPU
		{7E9D39F7-81DF-4BDC-9757-F71C565C2AE8}.Debug|Any CPU.Build.0 = Debug|Any CPU
		{7E9D39F7-81DF-4BDC-9757-F71C565C2AE8}.Release|Any CPU.ActiveCfg = Release|Any CPU
		{7E9D39F7-81DF-4BDC-9757-F71C565C2AE8}.Release|Any CPU.Build.0 = Release|Any CPU
	EndGlobalSection
	GlobalSection(SolutionProperties) = preSolution
		HideSolutionNode = FALSE
	EndGlobalSection
	GlobalSection(ExtensibilityGlobals) = postSolution
		SolutionGuid = {0E4F2128-5EA1-4430-A775-BBC232739061}
	EndGlobalSection
EndGlobal
